
Microsoft Visual Studio Solution File, Format Version 12.00
# Visual Studio Version 17
VisualStudioVersion = 17.14.36203.30
MinimumVisualStudioVersion = 10.0.40219.1
Project("{FAE04EC0-301F-11D3-BF4B-00C04F79EFBC}") = "AIGenerator", "AIGenerator\AIGenerator.csproj", "{149BF8B4-8AF1-4923-ABFC-20AE111DF59B}"
EndProject
Project("{FAE04EC0-301F-11D3-BF4B-00C04F79EFBC}") = "TDTP1_1_CSVHelper", "TDTP1_1_CSVHelper\TDTP1_1_CSVHelper.csproj", "{FDA4E5B5-D227-D881-C593-37205E7302E5}"
EndProject
Project("{FAE04EC0-301F-11D3-BF4B-00C04F79EFBC}") = "TDTP1_2_ML", "TDTP1_2_ML\TDTP1_2_ML.csproj", "{387C2234-8C9B-4D5E-BC76-6CBB19AF9FB2}"
EndProject
Global
	GlobalSection(SolutionConfigurationPlatforms) = preSolution
		Debug|Any CPU = Debug|Any CPU
		Release|Any CPU = Release|Any CPU
	EndGlobalSection
	GlobalSection(ProjectConfigurationPlatforms) = postSolution
		{149BF8B4-8AF1-4923-ABFC-20AE111DF59B}.Debug|Any CPU.ActiveCfg = Debug|Any CPU
		{149BF8B4-8AF1-4923-ABFC-20AE111DF59B}.Debug|Any CPU.Build.0 = Debug|Any CPU
		{149BF8B4-8AF1-4923-ABFC-20AE111DF59B}.Release|Any CPU.ActiveCfg = Release|Any CPU
		{149BF8B4-8AF1-4923-ABFC-20AE111DF59B}.Release|Any CPU.Build.0 = Release|Any CPU
		{FDA4E5B5-D227-D881-C593-37205E7302E5}.Debug|Any CPU.ActiveCfg = Debug|Any CPU
		{FDA4E5B5-D227-D881-C593-37205E7302E5}.Debug|Any CPU.Build.0 = Debug|Any CPU
		{FDA4E5B5-D227-D881-C593-37205E7302E5}.Release|Any CPU.ActiveCfg = Release|Any CPU
		{FDA4E5B5-D227-D881-C593-37205E7302E5}.Release|Any CPU.Build.0 = Release|Any CPU
		{387C2234-8C9B-4D5E-BC76-6CBB19AF9FB2}.Debug|Any CPU.ActiveCfg = Debug|Any CPU
		{387C2234-8C9B-4D5E-BC76-6CBB19AF9FB2}.Debug|Any CPU.Build.0 = Debug|Any CPU
		{387C2234-8C9B-4D5E-BC76-6CBB19AF9FB2}.Release|Any CPU.ActiveCfg = Release|Any CPU
		{387C2234-8C9B-4D5E-BC76-6CBB19AF9FB2}.Release|Any CPU.Build.0 = Release|Any CPU
	EndGlobalSection
	GlobalSection(SolutionProperties) = preSolution
		HideSolutionNode = FALSE
	EndGlobalSection
	GlobalSection(ExtensibilityGlobals) = postSolution
		SolutionGuid = {A7B104A8-993F-4E2E-B583-1C863F6D551D}
	EndGlobalSection
EndGlobal
